
Microsoft Visual Studio Solution File, Format Version 12.00
# Visual Studio Version 17
VisualStudioVersion = 17.13.35806.99
MinimumVisualStudioVersion = 10.0.40219.1
Project("{FAE04EC0-301F-11D3-BF4B-00C04F79EFBC}") = "FirstResponseMP.Client", "FirstResponseMP.Client\FirstResponseMP.Client.csproj", "{9A90F039-886C-49F2-A6DF-4C5CED20BEBA}"
EndProject
Project("{FAE04EC0-301F-11D3-BF4B-00C04F79EFBC}") = "FirstResponseMP.Shared", "FirstResponseMP.Shared\FirstResponseMP.Shared.csproj", "{50FC7E68-4D58-42C8-91D5-4EAFE1E7AD7C}"
EndProject
Project("{FAE04EC0-301F-11D3-BF4B-00C04F79EFBC}") = "FirstResponseMP.Server", "FirstResponseMP.Server\FirstResponseMP.Server.csproj", "{CD1CF226-4B46-4A52-97F7-67C42BE1E2C9}"
EndProject
Project("{FAE04EC0-301F-11D3-BF4B-00C04F79EFBC}") = "FirstResponseMP.Statistics", "FirstResponseMP.Statistics\FirstResponseMP.Statistics.csproj", "{D9DE8B35-C84C-4B36-92A9-1B9EEC952691}"
EndProject
Global
	GlobalSection(SolutionConfigurationPlatforms) = preSolution
		Debug|Any CPU = Debug|Any CPU
		Debug|x64 = Debug|x64
		Release|Any CPU = Release|Any CPU
		Release|x64 = Release|x64
	EndGlobalSection
	GlobalSection(ProjectConfigurationPlatforms) = postSolution
		{9A90F039-886C-49F2-A6DF-4C5CED20BEBA}.Debug|Any CPU.ActiveCfg = Release|x64
		{9A90F039-886C-49F2-A6DF-4C5CED20BEBA}.Debug|Any CPU.Build.0 = Release|x64
		{9A90F039-886C-49F2-A6DF-4C5CED20BEBA}.Debug|x64.ActiveCfg = Debug|x64
		{9A90F039-886C-49F2-A6DF-4C5CED20BEBA}.Debug|x64.Build.0 = Debug|x64
		{9A90F039-886C-49F2-A6DF-4C5CED20BEBA}.Release|Any CPU.ActiveCfg = Release|x64
		{9A90F039-886C-49F2-A6DF-4C5CED20BEBA}.Release|x64.ActiveCfg = Release|x64
		{9A90F039-886C-49F2-A6DF-4C5CED20BEBA}.Release|x64.Build.0 = Release|x64
		{50FC7E68-4D58-42C8-91D5-4EAFE1E7AD7C}.Debug|Any CPU.ActiveCfg = Debug|x64
		{50FC7E68-4D58-42C8-91D5-4EAFE1E7AD7C}.Debug|Any CPU.Build.0 = Debug|x64
		{50FC7E68-4D58-42C8-91D5-4EAFE1E7AD7C}.Debug|x64.ActiveCfg = Debug|x64
		{50FC7E68-4D58-42C8-91D5-4EAFE1E7AD7C}.Debug|x64.Build.0 = Debug|x64
		{50FC7E68-4D58-42C8-91D5-4EAFE1E7AD7C}.Release|Any CPU.ActiveCfg = Release|x64
		{50FC7E68-4D58-42C8-91D5-4EAFE1E7AD7C}.Release|x64.ActiveCfg = Release|x64
		{50FC7E68-4D58-42C8-91D5-4EAFE1E7AD7C}.Release|x64.Build.0 = Release|x64
		{CD1CF226-4B46-4A52-97F7-67C42BE1E2C9}.Debug|Any CPU.ActiveCfg = Debug|x64
		{CD1CF226-4B46-4A52-97F7-67C42BE1E2C9}.Debug|Any CPU.Build.0 = Debug|x64
		{CD1CF226-4B46-4A52-97F7-67C42BE1E2C9}.Debug|x64.ActiveCfg = Debug|x64
		{CD1CF226-4B46-4A52-97F7-67C42BE1E2C9}.Debug|x64.Build.0 = Debug|x64
		{CD1CF226-4B46-4A52-97F7-67C42BE1E2C9}.Release|Any CPU.ActiveCfg = Release|x64
		{CD1CF226-4B46-4A52-97F7-67C42BE1E2C9}.Release|x64.ActiveCfg = Release|x64
		{CD1CF226-4B46-4A52-97F7-67C42BE1E2C9}.Release|x64.Build.0 = Release|x64
		{D9DE8B35-C84C-4B36-92A9-1B9EEC952691}.Debug|Any CPU.ActiveCfg = Debug|x64
		{D9DE8B35-C84C-4B36-92A9-1B9EEC952691}.Debug|Any CPU.Build.0 = Debug|x64
		{D9DE8B35-C84C-4B36-92A9-1B9EEC952691}.Debug|x64.ActiveCfg = Debug|x64
		{D9DE8B35-C84C-4B36-92A9-1B9EEC952691}.Debug|x64.Build.0 = Debug|x64
		{D9DE8B35-C84C-4B36-92A9-1B9EEC952691}.Release|Any CPU.ActiveCfg = Release|x64
		{D9DE8B35-C84C-4B36-92A9-1B9EEC952691}.Release|x64.ActiveCfg = Release|x64
		{D9DE8B35-C84C-4B36-92A9-1B9EEC952691}.Release|x64.Build.0 = Release|x64
	EndGlobalSection
	GlobalSection(SolutionProperties) = preSolution
		HideSolutionNode = FALSE
	EndGlobalSection
	GlobalSection(ExtensibilityGlobals) = postSolution
		SolutionGuid = {866E30CD-9535-40EB-9CAF-177E5EE67117}
	EndGlobalSection
EndGlobal
